
Microsoft Visual Studio Solution File, Format Version 12.00
# Visual Studio 2013
VisualStudioVersion = 12.0.30501.0
MinimumVisualStudioVersion = 10.0.40219.1
Project("{FAE04EC0-301F-11D3-BF4B-00C04F79EFBC}") = "WindowsGame1", "WindowsGame1\WindowsGame1\WindowsGame1.csproj", "{90D57FEB-5291-4053-937B-790FA7E05295}"
EndProject
Project("{96E2B04D-8817-42C6-938A-82C39BA4D311}") = "WindowsGame1Content", "WindowsGame1\WindowsGame1Content\WindowsGame1Content.contentproj", "{84166B23-66D3-4085-83B5-BAF85AB5866D}"
EndProject
Global
	GlobalSection(SolutionConfigurationPlatforms) = preSolution
		Debug|x86 = Debug|x86
		Release|x86 = Release|x86
	EndGlobalSection
	GlobalSection(ProjectConfigurationPlatforms) = postSolution
		{90D57FEB-5291-4053-937B-790FA7E05295}.Debug|x86.ActiveCfg = Debug|x86
		{90D57FEB-5291-4053-937B-790FA7E05295}.Debug|x86.Build.0 = Debug|x86
		{90D57FEB-5291-4053-937B-790FA7E05295}.Release|x86.ActiveCfg = Release|x86
		{90D57FEB-5291-4053-937B-790FA7E05295}.Release|x86.Build.0 = Release|x86
		{84166B23-66D3-4085-83B5-BAF85AB5866D}.Debug|x86.ActiveCfg = Debug|x86
		{84166B23-66D3-4085-83B5-BAF85AB5866D}.Release|x86.ActiveCfg = Release|x86
	EndGlobalSection
	GlobalSection(SolutionProperties) = preSolution
		HideSolutionNode = FALSE
	EndGlobalSection
EndGlobal
